// !$*UTF8*$!
{
	archiveVersion = 1;
	classes = {
	};
	objectVersion = 55;
	objects = {

/* Begin PBXBuildFile section */
		5D06711A2925358A007609F4 /* TwoCharacterDetailsCustomCell.xib in Resources */ = {isa = PBXBuildFile; fileRef = 5D0671192925358A007609F4 /* TwoCharacterDetailsCustomCell.xib */; };
		5D06711C2925359F007609F4 /* TwoCharacterDetailsCustomCell.swift in Sources */ = {isa = PBXBuildFile; fileRef = 5D06711B2925359F007609F4 /* TwoCharacterDetailsCustomCell.swift */; };
		5D06711E292535B7007609F4 /* TwoCharacterDetailsCustomCellSummary.swift in Sources */ = {isa = PBXBuildFile; fileRef = 5D06711D292535B7007609F4 /* TwoCharacterDetailsCustomCellSummary.swift */; };
		5D06712129253694007609F4 /* OneCharacterDetailCustomCellSummary.swift in Sources */ = {isa = PBXBuildFile; fileRef = 5D06712029253694007609F4 /* OneCharacterDetailCustomCellSummary.swift */; };
		5D067123292536A0007609F4 /* OneCharacterDetailCustomCell.swift in Sources */ = {isa = PBXBuildFile; fileRef = 5D067122292536A0007609F4 /* OneCharacterDetailCustomCell.swift */; };
		5D067125292536A9007609F4 /* OneCharacterDetailCustomCell.xib in Resources */ = {isa = PBXBuildFile; fileRef = 5D067124292536A9007609F4 /* OneCharacterDetailCustomCell.xib */; };
		5D2FF6EF2923FA2200231855 /* CharactersBuilder.swift in Sources */ = {isa = PBXBuildFile; fileRef = 5D2FF6EE2923FA2200231855 /* CharactersBuilder.swift */; };
		5D2FF6F12923FA7E00231855 /* EpisodesBuilder.swift in Sources */ = {isa = PBXBuildFile; fileRef = 5D2FF6F02923FA7E00231855 /* EpisodesBuilder.swift */; };
		5D388D7B291E6F730051D459 /* EpisodesStoryboard.storyboard in Resources */ = {isa = PBXBuildFile; fileRef = 5D388D7A291E6F730051D459 /* EpisodesStoryboard.storyboard */; };
		5D388D7D291E6F910051D459 /* EpisodesViewController.swift in Sources */ = {isa = PBXBuildFile; fileRef = 5D388D7C291E6F910051D459 /* EpisodesViewController.swift */; };
		5D388D7F291E711B0051D459 /* EpisodesViewModel.swift in Sources */ = {isa = PBXBuildFile; fileRef = 5D388D7E291E711B0051D459 /* EpisodesViewModel.swift */; };
		5D388D81291E71E50051D459 /* EpisodesTableView.swift in Sources */ = {isa = PBXBuildFile; fileRef = 5D388D80291E71E50051D459 /* EpisodesTableView.swift */; };
		5D388D85291E75900051D459 /* EpisodeCustomCell.swift in Sources */ = {isa = PBXBuildFile; fileRef = 5D388D83291E75900051D459 /* EpisodeCustomCell.swift */; };
		5D388D86291E75900051D459 /* EpisodeCustomCell.xib in Resources */ = {isa = PBXBuildFile; fileRef = 5D388D84291E75900051D459 /* EpisodeCustomCell.xib */; };
		5D388D88291E75A80051D459 /* EpisodeCustomCellSummary.swift in Sources */ = {isa = PBXBuildFile; fileRef = 5D388D87291E75A80051D459 /* EpisodeCustomCellSummary.swift */; };
		5D6A3B7F292B74E000A51C73 /* EpisodesCharacterDetailCell.swift in Sources */ = {isa = PBXBuildFile; fileRef = 5D6A3B7E292B74E000A51C73 /* EpisodesCharacterDetailCell.swift */; };
		5D6A3B81292B74F400A51C73 /* EpisodesCharacterDetailCell.xib in Resources */ = {isa = PBXBuildFile; fileRef = 5D6A3B80292B74F400A51C73 /* EpisodesCharacterDetailCell.xib */; };
		5DADD0F92922776D001870EB /* LocationsBuilder.swift in Sources */ = {isa = PBXBuildFile; fileRef = 5DADD0F82922776D001870EB /* LocationsBuilder.swift */; };
		5DADD1032922A578001870EB /* EpisodeModel.swift in Sources */ = {isa = PBXBuildFile; fileRef = 5DADD1022922A578001870EB /* EpisodeModel.swift */; };
		5DADD1052922A795001870EB /* EpisodesResultsModel.swift in Sources */ = {isa = PBXBuildFile; fileRef = 5DADD1042922A795001870EB /* EpisodesResultsModel.swift */; };
		5DADD1072922A833001870EB /* LocationResultsModel.swift in Sources */ = {isa = PBXBuildFile; fileRef = 5DADD1062922A833001870EB /* LocationResultsModel.swift */; };
		5DADD1092922A874001870EB /* LocationModel.swift in Sources */ = {isa = PBXBuildFile; fileRef = 5DADD1082922A874001870EB /* LocationModel.swift */; };
		5DADD10B2922B3C0001870EB /* EpisodesSearchBar.swift in Sources */ = {isa = PBXBuildFile; fileRef = 5DADD10A2922B3C0001870EB /* EpisodesSearchBar.swift */; };
		5DCD25102923B05600C6F5A6 /* LocationsStoryboard.storyboard in Resources */ = {isa = PBXBuildFile; fileRef = 5DCD250F2923B05600C6F5A6 /* LocationsStoryboard.storyboard */; };
		5DCD25122923B05F00C6F5A6 /* LocationsViewModel.swift in Sources */ = {isa = PBXBuildFile; fileRef = 5DCD25112923B05F00C6F5A6 /* LocationsViewModel.swift */; };
		5DCD25142923B06500C6F5A6 /* LocationsViewController.swift in Sources */ = {isa = PBXBuildFile; fileRef = 5DCD25132923B06500C6F5A6 /* LocationsViewController.swift */; };
		5DCD25162923B06D00C6F5A6 /* LocationsTableView.swift in Sources */ = {isa = PBXBuildFile; fileRef = 5DCD25152923B06D00C6F5A6 /* LocationsTableView.swift */; };
		5DCD25182923B09E00C6F5A6 /* LocationsSearchBar.swift in Sources */ = {isa = PBXBuildFile; fileRef = 5DCD25172923B09E00C6F5A6 /* LocationsSearchBar.swift */; };
		5DD21F412924FFF8009A5D35 /* CharacterDetailStoryboard.storyboard in Resources */ = {isa = PBXBuildFile; fileRef = 5DD21F402924FFF8009A5D35 /* CharacterDetailStoryboard.storyboard */; };
		5DD21F432925009E009A5D35 /* CharacterDetailViewController.swift in Sources */ = {isa = PBXBuildFile; fileRef = 5DD21F422925009E009A5D35 /* CharacterDetailViewController.swift */; };
		5DD21F45292502E7009A5D35 /* CharacterDetailTableView.swift in Sources */ = {isa = PBXBuildFile; fileRef = 5DD21F44292502E7009A5D35 /* CharacterDetailTableView.swift */; };
		5DD21F4829250368009A5D35 /* NameCharacterDetailCustomCellSummary.swift in Sources */ = {isa = PBXBuildFile; fileRef = 5DD21F4729250368009A5D35 /* NameCharacterDetailCustomCellSummary.swift */; };
		5DD21F4A2925038C009A5D35 /* NameCharacterDetailCustomCell.swift in Sources */ = {isa = PBXBuildFile; fileRef = 5DD21F492925038C009A5D35 /* NameCharacterDetailCustomCell.swift */; };
		5DD21F4C29250395009A5D35 /* NameCharacterDetailCustomCell.xib in Resources */ = {isa = PBXBuildFile; fileRef = 5DD21F4B29250395009A5D35 /* NameCharacterDetailCustomCell.xib */; };
		5DD235B12913A6210067DF91 /* CharacterDetailViewModel.swift in Sources */ = {isa = PBXBuildFile; fileRef = 5DD235B02913A6210067DF91 /* CharacterDetailViewModel.swift */; };
		5DD235B92913AD160067DF91 /* Image.swift in Sources */ = {isa = PBXBuildFile; fileRef = 5DD235B82913AD160067DF91 /* Image.swift */; };
		5DE640862923CE50006D6602 /* LocationCustomCellSummary.swift in Sources */ = {isa = PBXBuildFile; fileRef = 5DE640852923CE50006D6602 /* LocationCustomCellSummary.swift */; };
		5DE640882923CE5E006D6602 /* LocationCustomCell.swift in Sources */ = {isa = PBXBuildFile; fileRef = 5DE640872923CE5E006D6602 /* LocationCustomCell.swift */; };
		5DE6408A2923CE67006D6602 /* LocationCustomCell.xib in Resources */ = {isa = PBXBuildFile; fileRef = 5DE640892923CE67006D6602 /* LocationCustomCell.xib */; };
		5DE755A72919431400FBA329 /* CharactersSearchBar.swift in Sources */ = {isa = PBXBuildFile; fileRef = 5DE755A62919431400FBA329 /* CharactersSearchBar.swift */; };
		5DED39722912803D006EF0A3 /* AppDelegate.swift in Sources */ = {isa = PBXBuildFile; fileRef = 5DED39712912803D006EF0A3 /* AppDelegate.swift */; };
		5DED39742912803D006EF0A3 /* SceneDelegate.swift in Sources */ = {isa = PBXBuildFile; fileRef = 5DED39732912803D006EF0A3 /* SceneDelegate.swift */; };
		5DED39762912803D006EF0A3 /* CharactersViewController.swift in Sources */ = {isa = PBXBuildFile; fileRef = 5DED39752912803D006EF0A3 /* CharactersViewController.swift */; };
		5DED39792912803D006EF0A3 /* CharactersStoryboard.storyboard in Resources */ = {isa = PBXBuildFile; fileRef = 5DED39772912803D006EF0A3 /* CharactersStoryboard.storyboard */; };
		5DED397B2912803D006EF0A3 /* Assets.xcassets in Resources */ = {isa = PBXBuildFile; fileRef = 5DED397A2912803D006EF0A3 /* Assets.xcassets */; };
		5DED397E2912803D006EF0A3 /* LaunchScreen.storyboard in Resources */ = {isa = PBXBuildFile; fileRef = 5DED397C2912803D006EF0A3 /* LaunchScreen.storyboard */; };
		5DED398B291280AC006EF0A3 /* Constants.swift in Sources */ = {isa = PBXBuildFile; fileRef = 5DED398A291280AC006EF0A3 /* Constants.swift */; };
		5DED399029128220006EF0A3 /* CharactersViewModel.swift in Sources */ = {isa = PBXBuildFile; fileRef = 5DED398F29128220006EF0A3 /* CharactersViewModel.swift */; };
		5DED399229128256006EF0A3 /* CharactersTableView.swift in Sources */ = {isa = PBXBuildFile; fileRef = 5DED399129128256006EF0A3 /* CharactersTableView.swift */; };
		5DED399B291282B4006EF0A3 /* CharacterCustomCell.swift in Sources */ = {isa = PBXBuildFile; fileRef = 5DED3998291282B4006EF0A3 /* CharacterCustomCell.swift */; };
		5DED399C291282B4006EF0A3 /* CharacterCustomCell.xib in Resources */ = {isa = PBXBuildFile; fileRef = 5DED3999291282B4006EF0A3 /* CharacterCustomCell.xib */; };
		5DED399D291282B4006EF0A3 /* CharacterCustomCellSummary.swift in Sources */ = {isa = PBXBuildFile; fileRef = 5DED399A291282B4006EF0A3 /* CharacterCustomCellSummary.swift */; };
		5DED399F2912A004006EF0A3 /* APICalls.swift in Sources */ = {isa = PBXBuildFile; fileRef = 5DED399E2912A004006EF0A3 /* APICalls.swift */; };
		5DED39A22912B1DA006EF0A3 /* CharacterModel.swift in Sources */ = {isa = PBXBuildFile; fileRef = 5DED39A12912B1DA006EF0A3 /* CharacterModel.swift */; };
		5DED39A62912D2D9006EF0A3 /* ErrorMessage.swift in Sources */ = {isa = PBXBuildFile; fileRef = 5DED39A52912D2D9006EF0A3 /* ErrorMessage.swift */; };
		5DED39A82912D847006EF0A3 /* CharacterLocationModel.swift in Sources */ = {isa = PBXBuildFile; fileRef = 5DED39A72912D847006EF0A3 /* CharacterLocationModel.swift */; };
		5DED39AA2912E1FA006EF0A3 /* CharactersResultsModel.swift in Sources */ = {isa = PBXBuildFile; fileRef = 5DED39A92912E1FA006EF0A3 /* CharactersResultsModel.swift */; };
		5DED39AC2912E219006EF0A3 /* InfoModel.swift in Sources */ = {isa = PBXBuildFile; fileRef = 5DED39AB2912E219006EF0A3 /* InfoModel.swift */; };
		5DED39AE2912E346006EF0A3 /* OriginModel.swift in Sources */ = {isa = PBXBuildFile; fileRef = 5DED39AD2912E346006EF0A3 /* OriginModel.swift */; };
		5DFC5D2B2927A7A400EACAD8 /* HeaderCustomCellSummary.swift in Sources */ = {isa = PBXBuildFile; fileRef = 5DFC5D2A2927A7A400EACAD8 /* HeaderCustomCellSummary.swift */; };
		5DFC5D2D2927A7AD00EACAD8 /* HeaderCustomCell.swift in Sources */ = {isa = PBXBuildFile; fileRef = 5DFC5D2C2927A7AD00EACAD8 /* HeaderCustomCell.swift */; };
		5DFC5D2F2927A7B500EACAD8 /* HeaderCustomCell.xib in Resources */ = {isa = PBXBuildFile; fileRef = 5DFC5D2E2927A7B500EACAD8 /* HeaderCustomCell.xib */; };
/* End PBXBuildFile section */

/* Begin PBXFileReference section */
		5D0671192925358A007609F4 /* TwoCharacterDetailsCustomCell.xib */ = {isa = PBXFileReference; fileEncoding = 4; lastKnownFileType = file.xib; path = TwoCharacterDetailsCustomCell.xib; sourceTree = "<group>"; };
		5D06711B2925359F007609F4 /* TwoCharacterDetailsCustomCell.swift */ = {isa = PBXFileReference; fileEncoding = 4; lastKnownFileType = sourcecode.swift; path = TwoCharacterDetailsCustomCell.swift; sourceTree = "<group>"; };
		5D06711D292535B7007609F4 /* TwoCharacterDetailsCustomCellSummary.swift */ = {isa = PBXFileReference; fileEncoding = 4; lastKnownFileType = sourcecode.swift; path = TwoCharacterDetailsCustomCellSummary.swift; sourceTree = "<group>"; };
		5D06712029253694007609F4 /* OneCharacterDetailCustomCellSummary.swift */ = {isa = PBXFileReference; fileEncoding = 4; lastKnownFileType = sourcecode.swift; path = OneCharacterDetailCustomCellSummary.swift; sourceTree = "<group>"; };
		5D067122292536A0007609F4 /* OneCharacterDetailCustomCell.swift */ = {isa = PBXFileReference; fileEncoding = 4; lastKnownFileType = sourcecode.swift; path = OneCharacterDetailCustomCell.swift; sourceTree = "<group>"; };
		5D067124292536A9007609F4 /* OneCharacterDetailCustomCell.xib */ = {isa = PBXFileReference; fileEncoding = 4; lastKnownFileType = file.xib; path = OneCharacterDetailCustomCell.xib; sourceTree = "<group>"; };
		5D2FF6EE2923FA2200231855 /* CharactersBuilder.swift */ = {isa = PBXFileReference; fileEncoding = 4; lastKnownFileType = sourcecode.swift; path = CharactersBuilder.swift; sourceTree = "<group>"; };
		5D2FF6F02923FA7E00231855 /* EpisodesBuilder.swift */ = {isa = PBXFileReference; fileEncoding = 4; lastKnownFileType = sourcecode.swift; path = EpisodesBuilder.swift; sourceTree = "<group>"; };
		5D388D7A291E6F730051D459 /* EpisodesStoryboard.storyboard */ = {isa = PBXFileReference; lastKnownFileType = file.storyboard; path = EpisodesStoryboard.storyboard; sourceTree = "<group>"; };
		5D388D7C291E6F910051D459 /* EpisodesViewController.swift */ = {isa = PBXFileReference; lastKnownFileType = sourcecode.swift; path = EpisodesViewController.swift; sourceTree = "<group>"; };
		5D388D7E291E711B0051D459 /* EpisodesViewModel.swift */ = {isa = PBXFileReference; fileEncoding = 4; lastKnownFileType = sourcecode.swift; path = EpisodesViewModel.swift; sourceTree = "<group>"; };
		5D388D80291E71E50051D459 /* EpisodesTableView.swift */ = {isa = PBXFileReference; lastKnownFileType = sourcecode.swift; path = EpisodesTableView.swift; sourceTree = "<group>"; };
		5D388D83291E75900051D459 /* EpisodeCustomCell.swift */ = {isa = PBXFileReference; lastKnownFileType = sourcecode.swift; path = EpisodeCustomCell.swift; sourceTree = "<group>"; };
		5D388D84291E75900051D459 /* EpisodeCustomCell.xib */ = {isa = PBXFileReference; lastKnownFileType = file.xib; path = EpisodeCustomCell.xib; sourceTree = "<group>"; };
		5D388D87291E75A80051D459 /* EpisodeCustomCellSummary.swift */ = {isa = PBXFileReference; fileEncoding = 4; lastKnownFileType = sourcecode.swift; path = EpisodeCustomCellSummary.swift; sourceTree = "<group>"; };
		5D6A3B7E292B74E000A51C73 /* EpisodesCharacterDetailCell.swift */ = {isa = PBXFileReference; fileEncoding = 4; lastKnownFileType = sourcecode.swift; path = EpisodesCharacterDetailCell.swift; sourceTree = "<group>"; };
		5D6A3B80292B74F400A51C73 /* EpisodesCharacterDetailCell.xib */ = {isa = PBXFileReference; fileEncoding = 4; lastKnownFileType = file.xib; path = EpisodesCharacterDetailCell.xib; sourceTree = "<group>"; };
		5DADD0F82922776D001870EB /* LocationsBuilder.swift */ = {isa = PBXFileReference; lastKnownFileType = sourcecode.swift; path = LocationsBuilder.swift; sourceTree = "<group>"; };
		5DADD1022922A578001870EB /* EpisodeModel.swift */ = {isa = PBXFileReference; fileEncoding = 4; lastKnownFileType = sourcecode.swift; path = EpisodeModel.swift; sourceTree = "<group>"; };
		5DADD1042922A795001870EB /* EpisodesResultsModel.swift */ = {isa = PBXFileReference; fileEncoding = 4; lastKnownFileType = sourcecode.swift; path = EpisodesResultsModel.swift; sourceTree = "<group>"; };
		5DADD1062922A833001870EB /* LocationResultsModel.swift */ = {isa = PBXFileReference; fileEncoding = 4; lastKnownFileType = sourcecode.swift; path = LocationResultsModel.swift; sourceTree = "<group>"; };
		5DADD1082922A874001870EB /* LocationModel.swift */ = {isa = PBXFileReference; fileEncoding = 4; lastKnownFileType = sourcecode.swift; path = LocationModel.swift; sourceTree = "<group>"; };
		5DADD10A2922B3C0001870EB /* EpisodesSearchBar.swift */ = {isa = PBXFileReference; fileEncoding = 4; lastKnownFileType = sourcecode.swift; path = EpisodesSearchBar.swift; sourceTree = "<group>"; };
		5DCD250F2923B05600C6F5A6 /* LocationsStoryboard.storyboard */ = {isa = PBXFileReference; fileEncoding = 4; lastKnownFileType = file.storyboard; path = LocationsStoryboard.storyboard; sourceTree = "<group>"; };
		5DCD25112923B05F00C6F5A6 /* LocationsViewModel.swift */ = {isa = PBXFileReference; fileEncoding = 4; lastKnownFileType = sourcecode.swift; path = LocationsViewModel.swift; sourceTree = "<group>"; };
		5DCD25132923B06500C6F5A6 /* LocationsViewController.swift */ = {isa = PBXFileReference; fileEncoding = 4; lastKnownFileType = sourcecode.swift; path = LocationsViewController.swift; sourceTree = "<group>"; };
		5DCD25152923B06D00C6F5A6 /* LocationsTableView.swift */ = {isa = PBXFileReference; fileEncoding = 4; lastKnownFileType = sourcecode.swift; path = LocationsTableView.swift; sourceTree = "<group>"; };
		5DCD25172923B09E00C6F5A6 /* LocationsSearchBar.swift */ = {isa = PBXFileReference; fileEncoding = 4; lastKnownFileType = sourcecode.swift; path = LocationsSearchBar.swift; sourceTree = "<group>"; };
		5DD21F402924FFF8009A5D35 /* CharacterDetailStoryboard.storyboard */ = {isa = PBXFileReference; lastKnownFileType = file.storyboard; path = CharacterDetailStoryboard.storyboard; sourceTree = "<group>"; };
		5DD21F422925009E009A5D35 /* CharacterDetailViewController.swift */ = {isa = PBXFileReference; fileEncoding = 4; lastKnownFileType = sourcecode.swift; path = CharacterDetailViewController.swift; sourceTree = "<group>"; };
		5DD21F44292502E7009A5D35 /* CharacterDetailTableView.swift */ = {isa = PBXFileReference; fileEncoding = 4; lastKnownFileType = sourcecode.swift; path = CharacterDetailTableView.swift; sourceTree = "<group>"; };
		5DD21F4729250368009A5D35 /* NameCharacterDetailCustomCellSummary.swift */ = {isa = PBXFileReference; fileEncoding = 4; lastKnownFileType = sourcecode.swift; path = NameCharacterDetailCustomCellSummary.swift; sourceTree = "<group>"; };
		5DD21F492925038C009A5D35 /* NameCharacterDetailCustomCell.swift */ = {isa = PBXFileReference; fileEncoding = 4; lastKnownFileType = sourcecode.swift; path = NameCharacterDetailCustomCell.swift; sourceTree = "<group>"; };
		5DD21F4B29250395009A5D35 /* NameCharacterDetailCustomCell.xib */ = {isa = PBXFileReference; fileEncoding = 4; lastKnownFileType = file.xib; path = NameCharacterDetailCustomCell.xib; sourceTree = "<group>"; };
		5DD235B02913A6210067DF91 /* CharacterDetailViewModel.swift */ = {isa = PBXFileReference; fileEncoding = 4; lastKnownFileType = sourcecode.swift; path = CharacterDetailViewModel.swift; sourceTree = "<group>"; };
		5DD235B82913AD160067DF91 /* Image.swift */ = {isa = PBXFileReference; lastKnownFileType = sourcecode.swift; path = Image.swift; sourceTree = "<group>"; };
		5DE640852923CE50006D6602 /* LocationCustomCellSummary.swift */ = {isa = PBXFileReference; fileEncoding = 4; lastKnownFileType = sourcecode.swift; path = LocationCustomCellSummary.swift; sourceTree = "<group>"; };
		5DE640872923CE5E006D6602 /* LocationCustomCell.swift */ = {isa = PBXFileReference; fileEncoding = 4; lastKnownFileType = sourcecode.swift; path = LocationCustomCell.swift; sourceTree = "<group>"; };
		5DE640892923CE67006D6602 /* LocationCustomCell.xib */ = {isa = PBXFileReference; fileEncoding = 4; lastKnownFileType = file.xib; path = LocationCustomCell.xib; sourceTree = "<group>"; };
		5DE755A62919431400FBA329 /* CharactersSearchBar.swift */ = {isa = PBXFileReference; lastKnownFileType = sourcecode.swift; path = CharactersSearchBar.swift; sourceTree = "<group>"; };
		5DED396E2912803D006EF0A3 /* Rick&Morty.app */ = {isa = PBXFileReference; explicitFileType = wrapper.application; includeInIndex = 0; path = "Rick&Morty.app"; sourceTree = BUILT_PRODUCTS_DIR; };
		5DED39712912803D006EF0A3 /* AppDelegate.swift */ = {isa = PBXFileReference; lastKnownFileType = sourcecode.swift; path = AppDelegate.swift; sourceTree = "<group>"; };
		5DED39732912803D006EF0A3 /* SceneDelegate.swift */ = {isa = PBXFileReference; lastKnownFileType = sourcecode.swift; path = SceneDelegate.swift; sourceTree = "<group>"; };
		5DED39752912803D006EF0A3 /* CharactersViewController.swift */ = {isa = PBXFileReference; lastKnownFileType = sourcecode.swift; path = CharactersViewController.swift; sourceTree = "<group>"; };
		5DED39782912803D006EF0A3 /* Base */ = {isa = PBXFileReference; lastKnownFileType = file.storyboard; name = Base; path = Base.lproj/CharactersStoryboard.storyboard; sourceTree = "<group>"; };
		5DED397A2912803D006EF0A3 /* Assets.xcassets */ = {isa = PBXFileReference; lastKnownFileType = folder.assetcatalog; path = Assets.xcassets; sourceTree = "<group>"; };
		5DED397D2912803D006EF0A3 /* Base */ = {isa = PBXFileReference; lastKnownFileType = file.storyboard; name = Base; path = Base.lproj/LaunchScreen.storyboard; sourceTree = "<group>"; };
		5DED397F2912803D006EF0A3 /* Info.plist */ = {isa = PBXFileReference; lastKnownFileType = text.plist.xml; path = Info.plist; sourceTree = "<group>"; };
		5DED398A291280AC006EF0A3 /* Constants.swift */ = {isa = PBXFileReference; lastKnownFileType = sourcecode.swift; path = Constants.swift; sourceTree = "<group>"; };
		5DED398F29128220006EF0A3 /* CharactersViewModel.swift */ = {isa = PBXFileReference; fileEncoding = 4; lastKnownFileType = sourcecode.swift; path = CharactersViewModel.swift; sourceTree = "<group>"; };
		5DED399129128256006EF0A3 /* CharactersTableView.swift */ = {isa = PBXFileReference; fileEncoding = 4; lastKnownFileType = sourcecode.swift; path = CharactersTableView.swift; sourceTree = "<group>"; };
		5DED3998291282B4006EF0A3 /* CharacterCustomCell.swift */ = {isa = PBXFileReference; fileEncoding = 4; lastKnownFileType = sourcecode.swift; path = CharacterCustomCell.swift; sourceTree = "<group>"; };
		5DED3999291282B4006EF0A3 /* CharacterCustomCell.xib */ = {isa = PBXFileReference; fileEncoding = 4; lastKnownFileType = file.xib; path = CharacterCustomCell.xib; sourceTree = "<group>"; };
		5DED399A291282B4006EF0A3 /* CharacterCustomCellSummary.swift */ = {isa = PBXFileReference; fileEncoding = 4; lastKnownFileType = sourcecode.swift; path = CharacterCustomCellSummary.swift; sourceTree = "<group>"; };
		5DED399E2912A004006EF0A3 /* APICalls.swift */ = {isa = PBXFileReference; lastKnownFileType = sourcecode.swift; path = APICalls.swift; sourceTree = "<group>"; };
		5DED39A12912B1DA006EF0A3 /* CharacterModel.swift */ = {isa = PBXFileReference; fileEncoding = 4; lastKnownFileType = sourcecode.swift; path = CharacterModel.swift; sourceTree = "<group>"; };
		5DED39A52912D2D9006EF0A3 /* ErrorMessage.swift */ = {isa = PBXFileReference; fileEncoding = 4; lastKnownFileType = sourcecode.swift; path = ErrorMessage.swift; sourceTree = "<group>"; };
		5DED39A72912D847006EF0A3 /* CharacterLocationModel.swift */ = {isa = PBXFileReference; fileEncoding = 4; lastKnownFileType = sourcecode.swift; path = CharacterLocationModel.swift; sourceTree = "<group>"; };
		5DED39A92912E1FA006EF0A3 /* CharactersResultsModel.swift */ = {isa = PBXFileReference; fileEncoding = 4; lastKnownFileType = sourcecode.swift; path = CharactersResultsModel.swift; sourceTree = "<group>"; };
		5DED39AB2912E219006EF0A3 /* InfoModel.swift */ = {isa = PBXFileReference; fileEncoding = 4; lastKnownFileType = sourcecode.swift; path = InfoModel.swift; sourceTree = "<group>"; };
		5DED39AD2912E346006EF0A3 /* OriginModel.swift */ = {isa = PBXFileReference; fileEncoding = 4; lastKnownFileType = sourcecode.swift; path = OriginModel.swift; sourceTree = "<group>"; };
		5DFC5D2A2927A7A400EACAD8 /* HeaderCustomCellSummary.swift */ = {isa = PBXFileReference; fileEncoding = 4; lastKnownFileType = sourcecode.swift; path = HeaderCustomCellSummary.swift; sourceTree = "<group>"; };
		5DFC5D2C2927A7AD00EACAD8 /* HeaderCustomCell.swift */ = {isa = PBXFileReference; fileEncoding = 4; lastKnownFileType = sourcecode.swift; path = HeaderCustomCell.swift; sourceTree = "<group>"; };
		5DFC5D2E2927A7B500EACAD8 /* HeaderCustomCell.xib */ = {isa = PBXFileReference; fileEncoding = 4; lastKnownFileType = file.xib; path = HeaderCustomCell.xib; sourceTree = "<group>"; };
/* End PBXFileReference section */

/* Begin PBXFrameworksBuildPhase section */
		5DED396B2912803D006EF0A3 /* Frameworks */ = {
			isa = PBXFrameworksBuildPhase;
			buildActionMask = 2147483647;
			files = (
			);
			runOnlyForDeploymentPostprocessing = 0;
		};
/* End PBXFrameworksBuildPhase section */

/* Begin PBXGroup section */
		5D06711729253518007609F4 /* NameCell */ = {
			isa = PBXGroup;
			children = (
				5DD21F4729250368009A5D35 /* NameCharacterDetailCustomCellSummary.swift */,
				5DD21F492925038C009A5D35 /* NameCharacterDetailCustomCell.swift */,
				5DD21F4B29250395009A5D35 /* NameCharacterDetailCustomCell.xib */,
			);
			path = NameCell;
			sourceTree = "<group>";
		};
		5D06711829253557007609F4 /* TwoDetailsCell */ = {
			isa = PBXGroup;
			children = (
				5D06711D292535B7007609F4 /* TwoCharacterDetailsCustomCellSummary.swift */,
				5D06711B2925359F007609F4 /* TwoCharacterDetailsCustomCell.swift */,
				5D0671192925358A007609F4 /* TwoCharacterDetailsCustomCell.xib */,
			);
			path = TwoDetailsCell;
			sourceTree = "<group>";
		};
		5D06711F2925366F007609F4 /* OneDetailCell */ = {
			isa = PBXGroup;
			children = (
				5D06712029253694007609F4 /* OneCharacterDetailCustomCellSummary.swift */,
				5D067122292536A0007609F4 /* OneCharacterDetailCustomCell.swift */,
				5D067124292536A9007609F4 /* OneCharacterDetailCustomCell.xib */,
			);
			path = OneDetailCell;
			sourceTree = "<group>";
		};
		5D388D69291E47150051D459 /* EpidoseDetail */ = {
			isa = PBXGroup;
			children = (
			);
			path = EpidoseDetail;
			sourceTree = "<group>";
		};
		5D388D71291E6E810051D459 /* EpisodesList */ = {
			isa = PBXGroup;
			children = (
				5D2FF6F02923FA7E00231855 /* EpisodesBuilder.swift */,
				5D388D7E291E711B0051D459 /* EpisodesViewModel.swift */,
				5D388D7C291E6F910051D459 /* EpisodesViewController.swift */,
				5D388D7A291E6F730051D459 /* EpisodesStoryboard.storyboard */,
				5D388D80291E71E50051D459 /* EpisodesTableView.swift */,
				5DADD10A2922B3C0001870EB /* EpisodesSearchBar.swift */,
			);
			path = EpisodesList;
			sourceTree = "<group>";
		};
		5D388D82291E754A0051D459 /* EpisodesCustomCell */ = {
			isa = PBXGroup;
			children = (
				5D388D87291E75A80051D459 /* EpisodeCustomCellSummary.swift */,
				5D388D83291E75900051D459 /* EpisodeCustomCell.swift */,
				5D388D84291E75900051D459 /* EpisodeCustomCell.xib */,
			);
			path = EpisodesCustomCell;
			sourceTree = "<group>";
		};
		5D6A3B7B292B74A800A51C73 /* EpisodesCharacterCell */ = {
			isa = PBXGroup;
			children = (
				5D6A3B7E292B74E000A51C73 /* EpisodesCharacterDetailCell.swift */,
				5D6A3B80292B74F400A51C73 /* EpisodesCharacterDetailCell.xib */,
			);
			path = EpisodesCharacterCell;
			sourceTree = "<group>";
		};
		5DADD0FA29229E79001870EB /* CharactersModels */ = {
			isa = PBXGroup;
			children = (
				5DED39A92912E1FA006EF0A3 /* CharactersResultsModel.swift */,
				5DED39A12912B1DA006EF0A3 /* CharacterModel.swift */,
				5DED39AD2912E346006EF0A3 /* OriginModel.swift */,
				5DED39A72912D847006EF0A3 /* CharacterLocationModel.swift */,
			);
			path = CharactersModels;
			sourceTree = "<group>";
		};
		5DADD0FB29229F97001870EB /* LocationsModels */ = {
			isa = PBXGroup;
			children = (
				5DADD1062922A833001870EB /* LocationResultsModel.swift */,
				5DADD1082922A874001870EB /* LocationModel.swift */,
			);
			path = LocationsModels;
			sourceTree = "<group>";
		};
		5DADD0FC2922A4AA001870EB /* Characters */ = {
			isa = PBXGroup;
			children = (
				5DED398E29128116006EF0A3 /* CharactersList */,
				5DD235AF2913A6050067DF91 /* CharacterDetail */,
			);
			path = Characters;
			sourceTree = "<group>";
		};
		5DADD0FD2922A4BB001870EB /* Episodes */ = {
			isa = PBXGroup;
			children = (
				5D388D71291E6E810051D459 /* EpisodesList */,
				5D388D69291E47150051D459 /* EpidoseDetail */,
			);
			path = Episodes;
			sourceTree = "<group>";
		};
		5DADD0FE2922A4CB001870EB /* Locations */ = {
			isa = PBXGroup;
			children = (
				5DADD0FF2922A4DA001870EB /* LocationsList */,
				5DADD1002922A4F0001870EB /* LocationDetail */,
			);
			path = Locations;
			sourceTree = "<group>";
		};
		5DADD0FF2922A4DA001870EB /* LocationsList */ = {
			isa = PBXGroup;
			children = (
				5DADD0F82922776D001870EB /* LocationsBuilder.swift */,
				5DCD25112923B05F00C6F5A6 /* LocationsViewModel.swift */,
				5DCD25132923B06500C6F5A6 /* LocationsViewController.swift */,
				5DCD250F2923B05600C6F5A6 /* LocationsStoryboard.storyboard */,
				5DCD25152923B06D00C6F5A6 /* LocationsTableView.swift */,
				5DCD25172923B09E00C6F5A6 /* LocationsSearchBar.swift */,
			);
			path = LocationsList;
			sourceTree = "<group>";
		};
		5DADD1002922A4F0001870EB /* LocationDetail */ = {
			isa = PBXGroup;
			children = (
			);
			path = LocationDetail;
			sourceTree = "<group>";
		};
		5DADD1012922A53E001870EB /* EpisodesModels */ = {
			isa = PBXGroup;
			children = (
				5DADD1042922A795001870EB /* EpisodesResultsModel.swift */,
				5DADD1022922A578001870EB /* EpisodeModel.swift */,
			);
			path = EpisodesModels;
			sourceTree = "<group>";
		};
		5DCD25192923CD9000C6F5A6 /* LocationsCustomCell */ = {
			isa = PBXGroup;
			children = (
				5DE640852923CE50006D6602 /* LocationCustomCellSummary.swift */,
				5DE640872923CE5E006D6602 /* LocationCustomCell.swift */,
				5DE640892923CE67006D6602 /* LocationCustomCell.xib */,
			);
			path = LocationsCustomCell;
			sourceTree = "<group>";
		};
		5DD21F4629250350009A5D35 /* CharacterDetailCustomCell */ = {
			isa = PBXGroup;
			children = (
				5DFC5D292927A79000EACAD8 /* HeaderCell */,
				5D06711729253518007609F4 /* NameCell */,
				5D06711829253557007609F4 /* TwoDetailsCell */,
				5D06711F2925366F007609F4 /* OneDetailCell */,
				5D6A3B7B292B74A800A51C73 /* EpisodesCharacterCell */,
			);
			path = CharacterDetailCustomCell;
			sourceTree = "<group>";
		};
		5DD235AF2913A6050067DF91 /* CharacterDetail */ = {
			isa = PBXGroup;
			children = (
				5DD235B02913A6210067DF91 /* CharacterDetailViewModel.swift */,
				5DD21F422925009E009A5D35 /* CharacterDetailViewController.swift */,
				5DD21F402924FFF8009A5D35 /* CharacterDetailStoryboard.storyboard */,
				5DD21F44292502E7009A5D35 /* CharacterDetailTableView.swift */,
			);
			path = CharacterDetail;
			sourceTree = "<group>";
		};
		5DD235B72913ACF30067DF91 /* Helpers */ = {
			isa = PBXGroup;
			children = (
				5DD235B82913AD160067DF91 /* Image.swift */,
			);
			path = Helpers;
			sourceTree = "<group>";
		};
		5DED39652912803D006EF0A3 = {
			isa = PBXGroup;
			children = (
				5DED39702912803D006EF0A3 /* Rick&Morty */,
				5DED396F2912803D006EF0A3 /* Products */,
			);
			sourceTree = "<group>";
		};
		5DED396F2912803D006EF0A3 /* Products */ = {
			isa = PBXGroup;
			children = (
				5DED396E2912803D006EF0A3 /* Rick&Morty.app */,
			);
			name = Products;
			sourceTree = "<group>";
		};
		5DED39702912803D006EF0A3 /* Rick&Morty */ = {
			isa = PBXGroup;
			children = (
				5DED398529128047006EF0A3 /* Global */,
				5DED398629128055006EF0A3 /* Data */,
				5DED39A02912B1BE006EF0A3 /* Models */,
				5DD235B72913ACF30067DF91 /* Helpers */,
				5DED39872912805F006EF0A3 /* Presentation */,
			);
			path = "Rick&Morty";
			sourceTree = "<group>";
		};
		5DED398529128047006EF0A3 /* Global */ = {
			isa = PBXGroup;
			children = (
				5DED398929128081006EF0A3 /* Constants */,
				5DED397C2912803D006EF0A3 /* LaunchScreen.storyboard */,
				5DED397F2912803D006EF0A3 /* Info.plist */,
			);
			path = Global;
			sourceTree = "<group>";
		};
		5DED398629128055006EF0A3 /* Data */ = {
			isa = PBXGroup;
			children = (
				5DED39A42912D2C8006EF0A3 /* ErrorMessage */,
				5DED39A32912D2BD006EF0A3 /* APICalls */,
			);
			path = Data;
			sourceTree = "<group>";
		};
		5DED39872912805F006EF0A3 /* Presentation */ = {
			isa = PBXGroup;
			children = (
				5DED398C291280FF006EF0A3 /* App */,
				5DED398D2912810C006EF0A3 /* Modules */,
				5DED399529128294006EF0A3 /* CustomElements */,
				5DED39882912806A006EF0A3 /* Resources */,
			);
			path = Presentation;
			sourceTree = "<group>";
		};
		5DED39882912806A006EF0A3 /* Resources */ = {
			isa = PBXGroup;
			children = (
				5DED397A2912803D006EF0A3 /* Assets.xcassets */,
			);
			path = Resources;
			sourceTree = "<group>";
		};
		5DED398929128081006EF0A3 /* Constants */ = {
			isa = PBXGroup;
			children = (
				5DED398A291280AC006EF0A3 /* Constants.swift */,
			);
			path = Constants;
			sourceTree = "<group>";
		};
		5DED398C291280FF006EF0A3 /* App */ = {
			isa = PBXGroup;
			children = (
				5DED39712912803D006EF0A3 /* AppDelegate.swift */,
				5DED39732912803D006EF0A3 /* SceneDelegate.swift */,
			);
			path = App;
			sourceTree = "<group>";
		};
		5DED398D2912810C006EF0A3 /* Modules */ = {
			isa = PBXGroup;
			children = (
				5DADD0FC2922A4AA001870EB /* Characters */,
				5DADD0FD2922A4BB001870EB /* Episodes */,
				5DADD0FE2922A4CB001870EB /* Locations */,
			);
			path = Modules;
			sourceTree = "<group>";
		};
		5DED398E29128116006EF0A3 /* CharactersList */ = {
			isa = PBXGroup;
			children = (
				5D2FF6EE2923FA2200231855 /* CharactersBuilder.swift */,
				5DED398F29128220006EF0A3 /* CharactersViewModel.swift */,
				5DED39752912803D006EF0A3 /* CharactersViewController.swift */,
				5DED39772912803D006EF0A3 /* CharactersStoryboard.storyboard */,
				5DED399129128256006EF0A3 /* CharactersTableView.swift */,
				5DE755A62919431400FBA329 /* CharactersSearchBar.swift */,
			);
			path = CharactersList;
			sourceTree = "<group>";
		};
		5DED399529128294006EF0A3 /* CustomElements */ = {
			isa = PBXGroup;
			children = (
				5DED39962912829C006EF0A3 /* TableCells */,
			);
			path = CustomElements;
			sourceTree = "<group>";
		};
		5DED39962912829C006EF0A3 /* TableCells */ = {
			isa = PBXGroup;
			children = (
				5DED3997291282A8006EF0A3 /* CharacterCustomCell */,
				5DD21F4629250350009A5D35 /* CharacterDetailCustomCell */,
				5D388D82291E754A0051D459 /* EpisodesCustomCell */,
				5DCD25192923CD9000C6F5A6 /* LocationsCustomCell */,
			);
			path = TableCells;
			sourceTree = "<group>";
		};
		5DED3997291282A8006EF0A3 /* CharacterCustomCell */ = {
			isa = PBXGroup;
			children = (
				5DED399A291282B4006EF0A3 /* CharacterCustomCellSummary.swift */,
				5DED3998291282B4006EF0A3 /* CharacterCustomCell.swift */,
				5DED3999291282B4006EF0A3 /* CharacterCustomCell.xib */,
			);
			path = CharacterCustomCell;
			sourceTree = "<group>";
		};
		5DED39A02912B1BE006EF0A3 /* Models */ = {
			isa = PBXGroup;
			children = (
				5DED39AB2912E219006EF0A3 /* InfoModel.swift */,
				5DADD0FA29229E79001870EB /* CharactersModels */,
				5DADD1012922A53E001870EB /* EpisodesModels */,
				5DADD0FB29229F97001870EB /* LocationsModels */,
			);
			path = Models;
			sourceTree = "<group>";
		};
		5DED39A32912D2BD006EF0A3 /* APICalls */ = {
			isa = PBXGroup;
			children = (
				5DED399E2912A004006EF0A3 /* APICalls.swift */,
			);
			path = APICalls;
			sourceTree = "<group>";
		};
		5DED39A42912D2C8006EF0A3 /* ErrorMessage */ = {
			isa = PBXGroup;
			children = (
				5DED39A52912D2D9006EF0A3 /* ErrorMessage.swift */,
			);
			path = ErrorMessage;
			sourceTree = "<group>";
		};
		5DFC5D292927A79000EACAD8 /* HeaderCell */ = {
			isa = PBXGroup;
			children = (
				5DFC5D2A2927A7A400EACAD8 /* HeaderCustomCellSummary.swift */,
				5DFC5D2C2927A7AD00EACAD8 /* HeaderCustomCell.swift */,
				5DFC5D2E2927A7B500EACAD8 /* HeaderCustomCell.xib */,
			);
			path = HeaderCell;
			sourceTree = "<group>";
		};
/* End PBXGroup section */

/* Begin PBXNativeTarget section */
		5DED396D2912803D006EF0A3 /* Rick&Morty */ = {
			isa = PBXNativeTarget;
			buildConfigurationList = 5DED39822912803D006EF0A3 /* Build configuration list for PBXNativeTarget "Rick&Morty" */;
			buildPhases = (
				5DED396A2912803D006EF0A3 /* Sources */,
				5DED396B2912803D006EF0A3 /* Frameworks */,
				5DED396C2912803D006EF0A3 /* Resources */,
			);
			buildRules = (
			);
			dependencies = (
			);
			name = "Rick&Morty";
			productName = "Rick&Morty";
			productReference = 5DED396E2912803D006EF0A3 /* Rick&Morty.app */;
			productType = "com.apple.product-type.application";
		};
/* End PBXNativeTarget section */

/* Begin PBXProject section */
		5DED39662912803D006EF0A3 /* Project object */ = {
			isa = PBXProject;
			attributes = {
				BuildIndependentTargetsInParallel = 1;
				LastSwiftUpdateCheck = 1340;
				LastUpgradeCheck = 1340;
				TargetAttributes = {
					5DED396D2912803D006EF0A3 = {
						CreatedOnToolsVersion = 13.4.1;
					};
				};
			};
			buildConfigurationList = 5DED39692912803D006EF0A3 /* Build configuration list for PBXProject "Rick&Morty" */;
			compatibilityVersion = "Xcode 13.0";
			developmentRegion = en;
			hasScannedForEncodings = 0;
			knownRegions = (
				en,
				Base,
			);
			mainGroup = 5DED39652912803D006EF0A3;
			productRefGroup = 5DED396F2912803D006EF0A3 /* Products */;
			projectDirPath = "";
			projectRoot = "";
			targets = (
				5DED396D2912803D006EF0A3 /* Rick&Morty */,
			);
		};
/* End PBXProject section */

/* Begin PBXResourcesBuildPhase section */
		5DED396C2912803D006EF0A3 /* Resources */ = {
			isa = PBXResourcesBuildPhase;
			buildActionMask = 2147483647;
			files = (
				5DED399C291282B4006EF0A3 /* CharacterCustomCell.xib in Resources */,
				5D067125292536A9007609F4 /* OneCharacterDetailCustomCell.xib in Resources */,
				5DD21F4C29250395009A5D35 /* NameCharacterDetailCustomCell.xib in Resources */,
				5DED397E2912803D006EF0A3 /* LaunchScreen.storyboard in Resources */,
				5DFC5D2F2927A7B500EACAD8 /* HeaderCustomCell.xib in Resources */,
				5D388D7B291E6F730051D459 /* EpisodesStoryboard.storyboard in Resources */,
				5D06711A2925358A007609F4 /* TwoCharacterDetailsCustomCell.xib in Resources */,
				5DE6408A2923CE67006D6602 /* LocationCustomCell.xib in Resources */,
				5D388D86291E75900051D459 /* EpisodeCustomCell.xib in Resources */,
				5DD21F412924FFF8009A5D35 /* CharacterDetailStoryboard.storyboard in Resources */,
				5D6A3B81292B74F400A51C73 /* EpisodesCharacterDetailCell.xib in Resources */,
				5DED397B2912803D006EF0A3 /* Assets.xcassets in Resources */,
				5DED39792912803D006EF0A3 /* CharactersStoryboard.storyboard in Resources */,
				5DCD25102923B05600C6F5A6 /* LocationsStoryboard.storyboard in Resources */,
			);
			runOnlyForDeploymentPostprocessing = 0;
		};
/* End PBXResourcesBuildPhase section */

/* Begin PBXSourcesBuildPhase section */
		5DED396A2912803D006EF0A3 /* Sources */ = {
			isa = PBXSourcesBuildPhase;
			buildActionMask = 2147483647;
			files = (
				5DED39AA2912E1FA006EF0A3 /* CharactersResultsModel.swift in Sources */,
				5DD235B92913AD160067DF91 /* Image.swift in Sources */,
				5DCD25162923B06D00C6F5A6 /* LocationsTableView.swift in Sources */,
				5D388D85291E75900051D459 /* EpisodeCustomCell.swift in Sources */,
				5DED399D291282B4006EF0A3 /* CharacterCustomCellSummary.swift in Sources */,
				5DED399B291282B4006EF0A3 /* CharacterCustomCell.swift in Sources */,
				5DED39A62912D2D9006EF0A3 /* ErrorMessage.swift in Sources */,
				5DCD25122923B05F00C6F5A6 /* LocationsViewModel.swift in Sources */,
				5DED399229128256006EF0A3 /* CharactersTableView.swift in Sources */,
				5D06712129253694007609F4 /* OneCharacterDetailCustomCellSummary.swift in Sources */,
				5DCD25182923B09E00C6F5A6 /* LocationsSearchBar.swift in Sources */,
				5DD21F4A2925038C009A5D35 /* NameCharacterDetailCustomCell.swift in Sources */,
				5DFC5D2D2927A7AD00EACAD8 /* HeaderCustomCell.swift in Sources */,
				5DED39762912803D006EF0A3 /* CharactersViewController.swift in Sources */,
				5DFC5D2B2927A7A400EACAD8 /* HeaderCustomCellSummary.swift in Sources */,
				5DADD1032922A578001870EB /* EpisodeModel.swift in Sources */,
				5DED39722912803D006EF0A3 /* AppDelegate.swift in Sources */,
				5DADD1072922A833001870EB /* LocationResultsModel.swift in Sources */,
				5DED399F2912A004006EF0A3 /* APICalls.swift in Sources */,
				5D06711C2925359F007609F4 /* TwoCharacterDetailsCustomCell.swift in Sources */,
				5D388D88291E75A80051D459 /* EpisodeCustomCellSummary.swift in Sources */,
				5D2FF6F12923FA7E00231855 /* EpisodesBuilder.swift in Sources */,
				5DADD1052922A795001870EB /* EpisodesResultsModel.swift in Sources */,
				5D2FF6EF2923FA2200231855 /* CharactersBuilder.swift in Sources */,
				5DADD1092922A874001870EB /* LocationModel.swift in Sources */,
				5DE640882923CE5E006D6602 /* LocationCustomCell.swift in Sources */,
				5DCD25142923B06500C6F5A6 /* LocationsViewController.swift in Sources */,
				5DD21F4829250368009A5D35 /* NameCharacterDetailCustomCellSummary.swift in Sources */,
				5D388D7D291E6F910051D459 /* EpisodesViewController.swift in Sources */,
				5DED399029128220006EF0A3 /* CharactersViewModel.swift in Sources */,
				5DED39AE2912E346006EF0A3 /* OriginModel.swift in Sources */,
				5DD235B12913A6210067DF91 /* CharacterDetailViewModel.swift in Sources */,
				5DD21F45292502E7009A5D35 /* CharacterDetailTableView.swift in Sources */,
				5D067123292536A0007609F4 /* OneCharacterDetailCustomCell.swift in Sources */,
				5DE640862923CE50006D6602 /* LocationCustomCellSummary.swift in Sources */,
				5DED39742912803D006EF0A3 /* SceneDelegate.swift in Sources */,
				5D388D81291E71E50051D459 /* EpisodesTableView.swift in Sources */,
				5D6A3B7F292B74E000A51C73 /* EpisodesCharacterDetailCell.swift in Sources */,
				5DED39A82912D847006EF0A3 /* CharacterLocationModel.swift in Sources */,
				5DADD10B2922B3C0001870EB /* EpisodesSearchBar.swift in Sources */,
				5DE755A72919431400FBA329 /* CharactersSearchBar.swift in Sources */,
				5D06711E292535B7007609F4 /* TwoCharacterDetailsCustomCellSummary.swift in Sources */,
				5DED39AC2912E219006EF0A3 /* InfoModel.swift in Sources */,
				5DD21F432925009E009A5D35 /* CharacterDetailViewController.swift in Sources */,
				5DADD0F92922776D001870EB /* LocationsBuilder.swift in Sources */,
				5DED398B291280AC006EF0A3 /* Constants.swift in Sources */,
				5D388D7F291E711B0051D459 /* EpisodesViewModel.swift in Sources */,
				5DED39A22912B1DA006EF0A3 /* CharacterModel.swift in Sources */,
			);
			runOnlyForDeploymentPostprocessing = 0;
		};
/* End PBXSourcesBuildPhase section */

/* Begin PBXVariantGroup section */
		5DED39772912803D006EF0A3 /* CharactersStoryboard.storyboard */ = {
			isa = PBXVariantGroup;
			children = (
				5DED39782912803D006EF0A3 /* Base */,
			);
			name = CharactersStoryboard.storyboard;
			sourceTree = "<group>";
		};
		5DED397C2912803D006EF0A3 /* LaunchScreen.storyboard */ = {
			isa = PBXVariantGroup;
			children = (
				5DED397D2912803D006EF0A3 /* Base */,
			);
			name = LaunchScreen.storyboard;
			sourceTree = "<group>";
		};
/* End PBXVariantGroup section */

/* Begin XCBuildConfiguration section */
		5DED39802912803D006EF0A3 /* Debug */ = {
			isa = XCBuildConfiguration;
			buildSettings = {
				ALWAYS_SEARCH_USER_PATHS = NO;
				CLANG_ANALYZER_NONNULL = YES;
				CLANG_ANALYZER_NUMBER_OBJECT_CONVERSION = YES_AGGRESSIVE;
				CLANG_CXX_LANGUAGE_STANDARD = "gnu++17";
				CLANG_ENABLE_MODULES = YES;
				CLANG_ENABLE_OBJC_ARC = YES;
				CLANG_ENABLE_OBJC_WEAK = YES;
				CLANG_WARN_BLOCK_CAPTURE_AUTORELEASING = YES;
				CLANG_WARN_BOOL_CONVERSION = YES;
				CLANG_WARN_COMMA = YES;
				CLANG_WARN_CONSTANT_CONVERSION = YES;
				CLANG_WARN_DEPRECATED_OBJC_IMPLEMENTATIONS = YES;
				CLANG_WARN_DIRECT_OBJC_ISA_USAGE = YES_ERROR;
				CLANG_WARN_DOCUMENTATION_COMMENTS = YES;
				CLANG_WARN_EMPTY_BODY = YES;
				CLANG_WARN_ENUM_CONVERSION = YES;
				CLANG_WARN_INFINITE_RECURSION = YES;
				CLANG_WARN_INT_CONVERSION = YES;
				CLANG_WARN_NON_LITERAL_NULL_CONVERSION = YES;
				CLANG_WARN_OBJC_IMPLICIT_RETAIN_SELF = YES;
				CLANG_WARN_OBJC_LITERAL_CONVERSION = YES;
				CLANG_WARN_OBJC_ROOT_CLASS = YES_ERROR;
				CLANG_WARN_QUOTED_INCLUDE_IN_FRAMEWORK_HEADER = YES;
				CLANG_WARN_RANGE_LOOP_ANALYSIS = YES;
				CLANG_WARN_STRICT_PROTOTYPES = YES;
				CLANG_WARN_SUSPICIOUS_MOVE = YES;
				CLANG_WARN_UNGUARDED_AVAILABILITY = YES_AGGRESSIVE;
				CLANG_WARN_UNREACHABLE_CODE = YES;
				CLANG_WARN__DUPLICATE_METHOD_MATCH = YES;
				COPY_PHASE_STRIP = NO;
				DEBUG_INFORMATION_FORMAT = dwarf;
				ENABLE_STRICT_OBJC_MSGSEND = YES;
				ENABLE_TESTABILITY = YES;
				GCC_C_LANGUAGE_STANDARD = gnu11;
				GCC_DYNAMIC_NO_PIC = NO;
				GCC_NO_COMMON_BLOCKS = YES;
				GCC_OPTIMIZATION_LEVEL = 0;
				GCC_PREPROCESSOR_DEFINITIONS = (
					"DEBUG=1",
					"$(inherited)",
				);
				GCC_WARN_64_TO_32_BIT_CONVERSION = YES;
				GCC_WARN_ABOUT_RETURN_TYPE = YES_ERROR;
				GCC_WARN_UNDECLARED_SELECTOR = YES;
				GCC_WARN_UNINITIALIZED_AUTOS = YES_AGGRESSIVE;
				GCC_WARN_UNUSED_FUNCTION = YES;
				GCC_WARN_UNUSED_VARIABLE = YES;
				IPHONEOS_DEPLOYMENT_TARGET = 15.5;
				MTL_ENABLE_DEBUG_INFO = INCLUDE_SOURCE;
				MTL_FAST_MATH = YES;
				ONLY_ACTIVE_ARCH = YES;
				SDKROOT = iphoneos;
				SWIFT_ACTIVE_COMPILATION_CONDITIONS = DEBUG;
				SWIFT_OPTIMIZATION_LEVEL = "-Onone";
			};
			name = Debug;
		};
		5DED39812912803D006EF0A3 /* Release */ = {
			isa = XCBuildConfiguration;
			buildSettings = {
				ALWAYS_SEARCH_USER_PATHS = NO;
				CLANG_ANALYZER_NONNULL = YES;
				CLANG_ANALYZER_NUMBER_OBJECT_CONVERSION = YES_AGGRESSIVE;
				CLANG_CXX_LANGUAGE_STANDARD = "gnu++17";
				CLANG_ENABLE_MODULES = YES;
				CLANG_ENABLE_OBJC_ARC = YES;
				CLANG_ENABLE_OBJC_WEAK = YES;
				CLANG_WARN_BLOCK_CAPTURE_AUTORELEASING = YES;
				CLANG_WARN_BOOL_CONVERSION = YES;
				CLANG_WARN_COMMA = YES;
				CLANG_WARN_CONSTANT_CONVERSION = YES;
				CLANG_WARN_DEPRECATED_OBJC_IMPLEMENTATIONS = YES;
				CLANG_WARN_DIRECT_OBJC_ISA_USAGE = YES_ERROR;
				CLANG_WARN_DOCUMENTATION_COMMENTS = YES;
				CLANG_WARN_EMPTY_BODY = YES;
				CLANG_WARN_ENUM_CONVERSION = YES;
				CLANG_WARN_INFINITE_RECURSION = YES;
				CLANG_WARN_INT_CONVERSION = YES;
				CLANG_WARN_NON_LITERAL_NULL_CONVERSION = YES;
				CLANG_WARN_OBJC_IMPLICIT_RETAIN_SELF = YES;
				CLANG_WARN_OBJC_LITERAL_CONVERSION = YES;
				CLANG_WARN_OBJC_ROOT_CLASS = YES_ERROR;
				CLANG_WARN_QUOTED_INCLUDE_IN_FRAMEWORK_HEADER = YES;
				CLANG_WARN_RANGE_LOOP_ANALYSIS = YES;
				CLANG_WARN_STRICT_PROTOTYPES = YES;
				CLANG_WARN_SUSPICIOUS_MOVE = YES;
				CLANG_WARN_UNGUARDED_AVAILABILITY = YES_AGGRESSIVE;
				CLANG_WARN_UNREACHABLE_CODE = YES;
				CLANG_WARN__DUPLICATE_METHOD_MATCH = YES;
				COPY_PHASE_STRIP = NO;
				DEBUG_INFORMATION_FORMAT = "dwarf-with-dsym";
				ENABLE_NS_ASSERTIONS = NO;
				ENABLE_STRICT_OBJC_MSGSEND = YES;
				GCC_C_LANGUAGE_STANDARD = gnu11;
				GCC_NO_COMMON_BLOCKS = YES;
				GCC_WARN_64_TO_32_BIT_CONVERSION = YES;
				GCC_WARN_ABOUT_RETURN_TYPE = YES_ERROR;
				GCC_WARN_UNDECLARED_SELECTOR = YES;
				GCC_WARN_UNINITIALIZED_AUTOS = YES_AGGRESSIVE;
				GCC_WARN_UNUSED_FUNCTION = YES;
				GCC_WARN_UNUSED_VARIABLE = YES;
				IPHONEOS_DEPLOYMENT_TARGET = 15.5;
				MTL_ENABLE_DEBUG_INFO = NO;
				MTL_FAST_MATH = YES;
				SDKROOT = iphoneos;
				SWIFT_COMPILATION_MODE = wholemodule;
				SWIFT_OPTIMIZATION_LEVEL = "-O";
				VALIDATE_PRODUCT = YES;
			};
			name = Release;
		};
		5DED39832912803D006EF0A3 /* Debug */ = {
			isa = XCBuildConfiguration;
			buildSettings = {
				ASSETCATALOG_COMPILER_APPICON_NAME = AppIcon;
				ASSETCATALOG_COMPILER_GLOBAL_ACCENT_COLOR_NAME = AccentColor;
				CODE_SIGN_STYLE = Automatic;
				CURRENT_PROJECT_VERSION = 1;
				DEVELOPMENT_TEAM = 6K8VS344LU;
				GENERATE_INFOPLIST_FILE = YES;
				INFOPLIST_FILE = "Rick&Morty/Global/Info.plist";
				INFOPLIST_KEY_UIApplicationSupportsIndirectInputEvents = YES;
				INFOPLIST_KEY_UILaunchStoryboardName = LaunchScreen;
				INFOPLIST_KEY_UIMainStoryboardFile = CharactersStoryboard;
				INFOPLIST_KEY_UISupportedInterfaceOrientations_iPad = "UIInterfaceOrientationPortrait UIInterfaceOrientationPortraitUpsideDown UIInterfaceOrientationLandscapeLeft UIInterfaceOrientationLandscapeRight";
				INFOPLIST_KEY_UISupportedInterfaceOrientations_iPhone = "UIInterfaceOrientationPortrait UIInterfaceOrientationLandscapeLeft UIInterfaceOrientationLandscapeRight";
				LD_RUNPATH_SEARCH_PATHS = (
					"$(inherited)",
					"@executable_path/Frameworks",
				);
				MARKETING_VERSION = 1.0;
				PRODUCT_BUNDLE_IDENTIFIER = "Jordi-Miguel-Aguado.Rick-Morty";
				PRODUCT_NAME = "$(TARGET_NAME)";
				SWIFT_EMIT_LOC_STRINGS = YES;
				SWIFT_VERSION = 5.0;
				TARGETED_DEVICE_FAMILY = "1,2";
			};
			name = Debug;
		};
		5DED39842912803D006EF0A3 /* Release */ = {
			isa = XCBuildConfiguration;
			buildSettings = {
				ASSETCATALOG_COMPILER_APPICON_NAME = AppIcon;
				ASSETCATALOG_COMPILER_GLOBAL_ACCENT_COLOR_NAME = AccentColor;
				CODE_SIGN_STYLE = Automatic;
				CURRENT_PROJECT_VERSION = 1;
				DEVELOPMENT_TEAM = 6K8VS344LU;
				GENERATE_INFOPLIST_FILE = YES;
				INFOPLIST_FILE = "Rick&Morty/Global/Info.plist";
				INFOPLIST_KEY_UIApplicationSupportsIndirectInputEvents = YES;
				INFOPLIST_KEY_UILaunchStoryboardName = LaunchScreen;
				INFOPLIST_KEY_UIMainStoryboardFile = CharactersStoryboard;
				INFOPLIST_KEY_UISupportedInterfaceOrientations_iPad = "UIInterfaceOrientationPortrait UIInterfaceOrientationPortraitUpsideDown UIInterfaceOrientationLandscapeLeft UIInterfaceOrientationLandscapeRight";
				INFOPLIST_KEY_UISupportedInterfaceOrientations_iPhone = "UIInterfaceOrientationPortrait UIInterfaceOrientationLandscapeLeft UIInterfaceOrientationLandscapeRight";
				LD_RUNPATH_SEARCH_PATHS = (
					"$(inherited)",
					"@executable_path/Frameworks",
				);
				MARKETING_VERSION = 1.0;
				PRODUCT_BUNDLE_IDENTIFIER = "Jordi-Miguel-Aguado.Rick-Morty";
				PRODUCT_NAME = "$(TARGET_NAME)";
				SWIFT_EMIT_LOC_STRINGS = YES;
				SWIFT_VERSION = 5.0;
				TARGETED_DEVICE_FAMILY = "1,2";
			};
			name = Release;
		};
/* End XCBuildConfiguration section */

/* Begin XCConfigurationList section */
		5DED39692912803D006EF0A3 /* Build configuration list for PBXProject "Rick&Morty" */ = {
			isa = XCConfigurationList;
			buildConfigurations = (
				5DED39802912803D006EF0A3 /* Debug */,
				5DED39812912803D006EF0A3 /* Release */,
			);
			defaultConfigurationIsVisible = 0;
			defaultConfigurationName = Release;
		};
		5DED39822912803D006EF0A3 /* Build configuration list for PBXNativeTarget "Rick&Morty" */ = {
			isa = XCConfigurationList;
			buildConfigurations = (
				5DED39832912803D006EF0A3 /* Debug */,
				5DED39842912803D006EF0A3 /* Release */,
			);
			defaultConfigurationIsVisible = 0;
			defaultConfigurationName = Release;
		};
/* End XCConfigurationList section */
	};
	rootObject = 5DED39662912803D006EF0A3 /* Project object */;
}
